{
  "name": "demo00",
  "version": "1.0.0",
  "lockfileVersion": 3,
  "requires": true,
  "packages": {
    "": {
      "name": "demo00",
      "version": "1.0.0",
      "license": "ISC",
      "dependencies": {
        "@ajar/marker": "^1.3.3"
      }
    },
    "node_modules/@ajar/marker": {
      "version": "1.3.3",
      "resolved": "https://registry.npmjs.org/@ajar/marker/-/marker-1.3.3.tgz",
      "integrity": "sha512-DynBuC9scT4HQxIpmWcb+jmw/fVW02zKxbW3nj47LcljNZpdEMVM8c/8TvtvL9vd/XuwvXyWhHrQqOy+sMCBjA==",
      "license": "MIT"
    }
  }
}
